
Microsoft Visual Studio Solution File, Format Version 12.00
# Visual Studio Version 17
VisualStudioVersion = 17.10.35027.167
MinimumVisualStudioVersion = 10.0.40219.1
Project("{9A19103F-16F7-4668-BE54-9A1E7A4F7556}") = "API", "API\API.csproj", "{1C03C351-647B-4C1A-A241-27AE10CCDA1F}"
EndProject
Project("{9A19103F-16F7-4668-BE54-9A1E7A4F7556}") = "Shared", "Shared\Shared.csproj", "{A85DEB7E-C581-4EFB-B9F4-6FAD86418A2F}"
EndProject
Project("{FAE04EC0-301F-11D3-BF4B-00C04F79EFBC}") = "Frontend", "Frontend\Frontend.csproj", "{672EE1F5-DA4A-449B-B1FA-CC3D44F757E5}"
EndProject
Global
	GlobalSection(SolutionConfigurationPlatforms) = preSolution
		Debug|Any CPU = Debug|Any CPU
		Release|Any CPU = Release|Any CPU
	EndGlobalSection
	GlobalSection(ProjectConfigurationPlatforms) = postSolution
		{1C03C351-647B-4C1A-A241-27AE10CCDA1F}.Debug|Any CPU.ActiveCfg = Debug|Any CPU
		{1C03C351-647B-4C1A-A241-27AE10CCDA1F}.Debug|Any CPU.Build.0 = Debug|Any CPU
		{1C03C351-647B-4C1A-A241-27AE10CCDA1F}.Release|Any CPU.ActiveCfg = Release|Any CPU
		{1C03C351-647B-4C1A-A241-27AE10CCDA1F}.Release|Any CPU.Build.0 = Release|Any CPU
		{A85DEB7E-C581-4EFB-B9F4-6FAD86418A2F}.Debug|Any CPU.ActiveCfg = Debug|Any CPU
		{A85DEB7E-C581-4EFB-B9F4-6FAD86418A2F}.Debug|Any CPU.Build.0 = Debug|Any CPU
		{A85DEB7E-C581-4EFB-B9F4-6FAD86418A2F}.Release|Any CPU.ActiveCfg = Release|Any CPU
		{A85DEB7E-C581-4EFB-B9F4-6FAD86418A2F}.Release|Any CPU.Build.0 = Release|Any CPU
		{672EE1F5-DA4A-449B-B1FA-CC3D44F757E5}.Debug|Any CPU.ActiveCfg = Debug|Any CPU
		{672EE1F5-DA4A-449B-B1FA-CC3D44F757E5}.Debug|Any CPU.Build.0 = Debug|Any CPU
		{672EE1F5-DA4A-449B-B1FA-CC3D44F757E5}.Release|Any CPU.ActiveCfg = Release|Any CPU
		{672EE1F5-DA4A-449B-B1FA-CC3D44F757E5}.Release|Any CPU.Build.0 = Release|Any CPU
	EndGlobalSection
	GlobalSection(SolutionProperties) = preSolution
		HideSolutionNode = FALSE
	EndGlobalSection
	GlobalSection(ExtensibilityGlobals) = postSolution
		SolutionGuid = {B69880BB-2AC5-4637-9456-7F7D0EBC4F70}
	EndGlobalSection
EndGlobal
